// !$*UTF8*$!
{
	archiveVersion = 1;
	classes = {
	};
	objectVersion = 55;
	objects = {

/* Begin PBXBuildFile section */
		0E722D6B289CC4DA00C276C2 /* AppDelegate.swift in Sources */ = {isa = PBXBuildFile; fileRef = 0E722D6A289CC4DA00C276C2 /* AppDelegate.swift */; };
		0E722D6D289CC4DA00C276C2 /* SceneDelegate.swift in Sources */ = {isa = PBXBuildFile; fileRef = 0E722D6C289CC4DA00C276C2 /* SceneDelegate.swift */; };
		0E722D6F289CC4DA00C276C2 /* ViewController.swift in Sources */ = {isa = PBXBuildFile; fileRef = 0E722D6E289CC4DA00C276C2 /* ViewController.swift */; };
		0E722D72289CC4DA00C276C2 /* Main.storyboard in Resources */ = {isa = PBXBuildFile; fileRef = 0E722D70289CC4DA00C276C2 /* Main.storyboard */; };
		0E722D74289CC4DB00C276C2 /* Assets.xcassets in Resources */ = {isa = PBXBuildFile; fileRef = 0E722D73289CC4DB00C276C2 /* Assets.xcassets */; };
		0E722D77289CC4DB00C276C2 /* LaunchScreen.storyboard in Resources */ = {isa = PBXBuildFile; fileRef = 0E722D75289CC4DB00C276C2 /* LaunchScreen.storyboard */; };
		0E722D82289CC4DB00C276C2 /* MyHeroesTests.swift in Sources */ = {isa = PBXBuildFile; fileRef = 0E722D81289CC4DB00C276C2 /* MyHeroesTests.swift */; };
		0E722D8C289CC4DB00C276C2 /* MyHeroesUITests.swift in Sources */ = {isa = PBXBuildFile; fileRef = 0E722D8B289CC4DB00C276C2 /* MyHeroesUITests.swift */; };
		0E722D8E289CC4DB00C276C2 /* MyHeroesUITestsLaunchTests.swift in Sources */ = {isa = PBXBuildFile; fileRef = 0E722D8D289CC4DB00C276C2 /* MyHeroesUITestsLaunchTests.swift */; };
		0E722D9B289CCCE300C276C2 /* Bug@3x.png in Resources */ = {isa = PBXBuildFile; fileRef = 0E722D9A289CCCE300C276C2 /* Bug@3x.png */; };
		0E722D9C289CCCE300C276C2 /* Bug@3x.png in Resources */ = {isa = PBXBuildFile; fileRef = 0E722D9A289CCCE300C276C2 /* Bug@3x.png */; };
		0E722D9E289CCE1100C276C2 /* Image.png in Resources */ = {isa = PBXBuildFile; fileRef = 0E722D9D289CCE1100C276C2 /* Image.png */; };
		0E722D9F289CCE1100C276C2 /* Image.png in Resources */ = {isa = PBXBuildFile; fileRef = 0E722D9D289CCE1100C276C2 /* Image.png */; };
		0E722DA1289CCEAA00C276C2 /* Pokemon_UNITE___Team_Up._Take_Down.___Hero_Image___1080p.png in Resources */ = {isa = PBXBuildFile; fileRef = 0E722DA0289CCEAA00C276C2 /* Pokemon_UNITE___Team_Up._Take_Down.___Hero_Image___1080p.png */; };
		0E722DA2289CCEAA00C276C2 /* Pokemon_UNITE___Team_Up._Take_Down.___Hero_Image___1080p.png in Resources */ = {isa = PBXBuildFile; fileRef = 0E722DA0289CCEAA00C276C2 /* Pokemon_UNITE___Team_Up._Take_Down.___Hero_Image___1080p.png */; };
		0E722DA6289CCF8800C276C2 /* pokemon-aesthetic android-iphone-desktop-hd-backgrounds-wallpapers-1080p-4k-ajotb.jpeg in Resources */ = {isa = PBXBuildFile; fileRef = 0E722DA5289CCF8800C276C2 /* pokemon-aesthetic android-iphone-desktop-hd-backgrounds-wallpapers-1080p-4k-ajotb.jpeg */; };
		0E722DA7289CCF8800C276C2 /* pokemon-aesthetic android-iphone-desktop-hd-backgrounds-wallpapers-1080p-4k-ajotb.jpeg in Resources */ = {isa = PBXBuildFile; fileRef = 0E722DA5289CCF8800C276C2 /* pokemon-aesthetic android-iphone-desktop-hd-backgrounds-wallpapers-1080p-4k-ajotb.jpeg */; };
		0E722DA9289CCFCD00C276C2 /* High_resolution_wallpaper_background_ID_77700155001.jpg in Resources */ = {isa = PBXBuildFile; fileRef = 0E722DA8289CCFCD00C276C2 /* High_resolution_wallpaper_background_ID_77700155001.jpg */; };
		0E722DAA289CCFCD00C276C2 /* High_resolution_wallpaper_background_ID_77700155001.jpg in Resources */ = {isa = PBXBuildFile; fileRef = 0E722DA8289CCFCD00C276C2 /* High_resolution_wallpaper_background_ID_77700155001.jpg */; };
/* End PBXBuildFile section */

/* Begin PBXContainerItemProxy section */
		0E722D7E289CC4DB00C276C2 /* PBXContainerItemProxy */ = {
			isa = PBXContainerItemProxy;
			containerPortal = 0E722D5F289CC4DA00C276C2 /* Project object */;
			proxyType = 1;
			remoteGlobalIDString = 0E722D66289CC4DA00C276C2;
			remoteInfo = MyHeroes;
		};
		0E722D88289CC4DB00C276C2 /* PBXContainerItemProxy */ = {
			isa = PBXContainerItemProxy;
			containerPortal = 0E722D5F289CC4DA00C276C2 /* Project object */;
			proxyType = 1;
			remoteGlobalIDString = 0E722D66289CC4DA00C276C2;
			remoteInfo = MyHeroes;
		};
/* End PBXContainerItemProxy section */

/* Begin PBXFileReference section */
		0E722D67289CC4DA00C276C2 /* MyHeroes.app */ = {isa = PBXFileReference; explicitFileType = wrapper.application; includeInIndex = 0; path = MyHeroes.app; sourceTree = BUILT_PRODUCTS_DIR; };
		0E722D6A289CC4DA00C276C2 /* AppDelegate.swift */ = {isa = PBXFileReference; lastKnownFileType = sourcecode.swift; path = AppDelegate.swift; sourceTree = "<group>"; };
		0E722D6C289CC4DA00C276C2 /* SceneDelegate.swift */ = {isa = PBXFileReference; lastKnownFileType = sourcecode.swift; path = SceneDelegate.swift; sourceTree = "<group>"; };
		0E722D6E289CC4DA00C276C2 /* ViewController.swift */ = {isa = PBXFileReference; lastKnownFileType = sourcecode.swift; path = ViewController.swift; sourceTree = "<group>"; };
		0E722D71289CC4DA00C276C2 /* Base */ = {isa = PBXFileReference; lastKnownFileType = file.storyboard; name = Base; path = Base.lproj/Main.storyboard; sourceTree = "<group>"; };
		0E722D73289CC4DB00C276C2 /* Assets.xcassets */ = {isa = PBXFileReference; lastKnownFileType = folder.assetcatalog; path = Assets.xcassets; sourceTree = "<group>"; };
		0E722D76289CC4DB00C276C2 /* Base */ = {isa = PBXFileReference; lastKnownFileType = file.storyboard; name = Base; path = Base.lproj/LaunchScreen.storyboard; sourceTree = "<group>"; };
		0E722D78289CC4DB00C276C2 /* Info.plist */ = {isa = PBXFileReference; lastKnownFileType = text.plist.xml; path = Info.plist; sourceTree = "<group>"; };
		0E722D7D289CC4DB00C276C2 /* MyHeroesTests.xctest */ = {isa = PBXFileReference; explicitFileType = wrapper.cfbundle; includeInIndex = 0; path = MyHeroesTests.xctest; sourceTree = BUILT_PRODUCTS_DIR; };
		0E722D81289CC4DB00C276C2 /* MyHeroesTests.swift */ = {isa = PBXFileReference; lastKnownFileType = sourcecode.swift; path = MyHeroesTests.swift; sourceTree = "<group>"; };
		0E722D87289CC4DB00C276C2 /* MyHeroesUITests.xctest */ = {isa = PBXFileReference; explicitFileType = wrapper.cfbundle; includeInIndex = 0; path = MyHeroesUITests.xctest; sourceTree = BUILT_PRODUCTS_DIR; };
		0E722D8B289CC4DB00C276C2 /* MyHeroesUITests.swift */ = {isa = PBXFileReference; lastKnownFileType = sourcecode.swift; path = MyHeroesUITests.swift; sourceTree = "<group>"; };
		0E722D8D289CC4DB00C276C2 /* MyHeroesUITestsLaunchTests.swift */ = {isa = PBXFileReference; lastKnownFileType = sourcecode.swift; path = MyHeroesUITestsLaunchTests.swift; sourceTree = "<group>"; };
		0E722D9A289CCCE300C276C2 /* Bug@3x.png */ = {isa = PBXFileReference; lastKnownFileType = image.png; path = "Bug@3x.png"; sourceTree = "<group>"; };
		0E722D9D289CCE1100C276C2 /* Image.png */ = {isa = PBXFileReference; lastKnownFileType = image.png; path = Image.png; sourceTree = "<group>"; };
		0E722DA0289CCEAA00C276C2 /* Pokemon_UNITE___Team_Up._Take_Down.___Hero_Image___1080p.png */ = {isa = PBXFileReference; lastKnownFileType = image.png; path = "Pokemon_UNITE___Team_Up._Take_Down.___Hero_Image___1080p.png"; sourceTree = "<group>"; };
		0E722DA5289CCF8800C276C2 /* pokemon-aesthetic android-iphone-desktop-hd-backgrounds-wallpapers-1080p-4k-ajotb.jpeg */ = {isa = PBXFileReference; lastKnownFileType = image.jpeg; path = "pokemon-aesthetic android-iphone-desktop-hd-backgrounds-wallpapers-1080p-4k-ajotb.jpeg"; sourceTree = "<group>"; };
		0E722DA8289CCFCD00C276C2 /* High_resolution_wallpaper_background_ID_77700155001.jpg */ = {isa = PBXFileReference; lastKnownFileType = image.jpeg; path = High_resolution_wallpaper_background_ID_77700155001.jpg; sourceTree = "<group>"; };
/* End PBXFileReference section */

/* Begin PBXFrameworksBuildPhase section */
		0E722D64289CC4DA00C276C2 /* Frameworks */ = {
			isa = PBXFrameworksBuildPhase;
			buildActionMask = 2147483647;
			files = (
			);
			runOnlyForDeploymentPostprocessing = 0;
		};
		0E722D7A289CC4DB00C276C2 /* Frameworks */ = {
			isa = PBXFrameworksBuildPhase;
			buildActionMask = 2147483647;
			files = (
			);
			runOnlyForDeploymentPostprocessing = 0;
		};
		0E722D84289CC4DB00C276C2 /* Frameworks */ = {
			isa = PBXFrameworksBuildPhase;
			buildActionMask = 2147483647;
			files = (
			);
			runOnlyForDeploymentPostprocessing = 0;
		};
/* End PBXFrameworksBuildPhase section */

/* Begin PBXGroup section */
		0E722D5E289CC4DA00C276C2 = {
			isa = PBXGroup;
			children = (
				0E722D69289CC4DA00C276C2 /* MyHeroes */,
				0E722D80289CC4DB00C276C2 /* MyHeroesTests */,
				0E722D8A289CC4DB00C276C2 /* MyHeroesUITests */,
				0E722D68289CC4DA00C276C2 /* Products */,
			);
			sourceTree = "<group>";
		};
		0E722D68289CC4DA00C276C2 /* Products */ = {
			isa = PBXGroup;
			children = (
				0E722D67289CC4DA00C276C2 /* MyHeroes.app */,
				0E722D7D289CC4DB00C276C2 /* MyHeroesTests.xctest */,
				0E722D87289CC4DB00C276C2 /* MyHeroesUITests.xctest */,
			);
			name = Products;
			sourceTree = "<group>";
		};
		0E722D69289CC4DA00C276C2 /* MyHeroes */ = {
			isa = PBXGroup;
			children = (
				0E722D6A289CC4DA00C276C2 /* AppDelegate.swift */,
				0E722D6C289CC4DA00C276C2 /* SceneDelegate.swift */,
				0E722D6E289CC4DA00C276C2 /* ViewController.swift */,
				0E722D70289CC4DA00C276C2 /* Main.storyboard */,
				0E722D73289CC4DB00C276C2 /* Assets.xcassets */,
				0E722D75289CC4DB00C276C2 /* LaunchScreen.storyboard */,
				0E722D78289CC4DB00C276C2 /* Info.plist */,
			);
			path = MyHeroes;
			sourceTree = "<group>";
		};
		0E722D80289CC4DB00C276C2 /* MyHeroesTests */ = {
			isa = PBXGroup;
			children = (
				0E722D81289CC4DB00C276C2 /* MyHeroesTests.swift */,
			);
			path = MyHeroesTests;
			sourceTree = "<group>";
		};
		0E722D8A289CC4DB00C276C2 /* MyHeroesUITests */ = {
			isa = PBXGroup;
			children = (
				0E722D8B289CC4DB00C276C2 /* MyHeroesUITests.swift */,
				0E722D8D289CC4DB00C276C2 /* MyHeroesUITestsLaunchTests.swift */,
				0E722D9A289CCCE300C276C2 /* Bug@3x.png */,
				0E722D9D289CCE1100C276C2 /* Image.png */,
				0E722DA0289CCEAA00C276C2 /* Pokemon_UNITE___Team_Up._Take_Down.___Hero_Image___1080p.png */,
				0E722DA5289CCF8800C276C2 /* pokemon-aesthetic android-iphone-desktop-hd-backgrounds-wallpapers-1080p-4k-ajotb.jpeg */,
				0E722DA8289CCFCD00C276C2 /* High_resolution_wallpaper_background_ID_77700155001.jpg */,
			);
			path = MyHeroesUITests;
			sourceTree = "<group>";
		};
/* End PBXGroup section */

/* Begin PBXNativeTarget section */
		0E722D66289CC4DA00C276C2 /* MyHeroes */ = {
			isa = PBXNativeTarget;
			buildConfigurationList = 0E722D91289CC4DB00C276C2 /* Build configuration list for PBXNativeTarget "MyHeroes" */;
			buildPhases = (
				0E722D63289CC4DA00C276C2 /* Sources */,
				0E722D64289CC4DA00C276C2 /* Frameworks */,
				0E722D65289CC4DA00C276C2 /* Resources */,
			);
			buildRules = (
			);
			dependencies = (
			);
			name = MyHeroes;
			productName = MyHeroes;
			productReference = 0E722D67289CC4DA00C276C2 /* MyHeroes.app */;
			productType = "com.apple.product-type.application";
		};
		0E722D7C289CC4DB00C276C2 /* MyHeroesTests */ = {
			isa = PBXNativeTarget;
			buildConfigurationList = 0E722D94289CC4DB00C276C2 /* Build configuration list for PBXNativeTarget "MyHeroesTests" */;
			buildPhases = (
				0E722D79289CC4DB00C276C2 /* Sources */,
				0E722D7A289CC4DB00C276C2 /* Frameworks */,
				0E722D7B289CC4DB00C276C2 /* Resources */,
			);
			buildRules = (
			);
			dependencies = (
				0E722D7F289CC4DB00C276C2 /* PBXTargetDependency */,
			);
			name = MyHeroesTests;
			productName = MyHeroesTests;
			productReference = 0E722D7D289CC4DB00C276C2 /* MyHeroesTests.xctest */;
			productType = "com.apple.product-type.bundle.unit-test";
		};
		0E722D86289CC4DB00C276C2 /* MyHeroesUITests */ = {
			isa = PBXNativeTarget;
			buildConfigurationList = 0E722D97289CC4DB00C276C2 /* Build configuration list for PBXNativeTarget "MyHeroesUITests" */;
			buildPhases = (
				0E722D83289CC4DB00C276C2 /* Sources */,
				0E722D84289CC4DB00C276C2 /* Frameworks */,
				0E722D85289CC4DB00C276C2 /* Resources */,
			);
			buildRules = (
			);
			dependencies = (
				0E722D89289CC4DB00C276C2 /* PBXTargetDependency */,
			);
			name = MyHeroesUITests;
			productName = MyHeroesUITests;
			productReference = 0E722D87289CC4DB00C276C2 /* MyHeroesUITests.xctest */;
			productType = "com.apple.product-type.bundle.ui-testing";
		};
/* End PBXNativeTarget section */

/* Begin PBXProject section */
		0E722D5F289CC4DA00C276C2 /* Project object */ = {
			isa = PBXProject;
			attributes = {
				BuildIndependentTargetsInParallel = 1;
				LastSwiftUpdateCheck = 1340;
				LastUpgradeCheck = 1340;
				TargetAttributes = {
					0E722D66289CC4DA00C276C2 = {
						CreatedOnToolsVersion = 13.4.1;
					};
					0E722D7C289CC4DB00C276C2 = {
						CreatedOnToolsVersion = 13.4.1;
						TestTargetID = 0E722D66289CC4DA00C276C2;
					};
					0E722D86289CC4DB00C276C2 = {
						CreatedOnToolsVersion = 13.4.1;
						TestTargetID = 0E722D66289CC4DA00C276C2;
					};
				};
			};
			buildConfigurationList = 0E722D62289CC4DA00C276C2 /* Build configuration list for PBXProject "MyHeroes" */;
			compatibilityVersion = "Xcode 13.0";
			developmentRegion = en;
			hasScannedForEncodings = 0;
			knownRegions = (
				en,
				Base,
			);
			mainGroup = 0E722D5E289CC4DA00C276C2;
			productRefGroup = 0E722D68289CC4DA00C276C2 /* Products */;
			projectDirPath = "";
			projectRoot = "";
			targets = (
				0E722D66289CC4DA00C276C2 /* MyHeroes */,
				0E722D7C289CC4DB00C276C2 /* MyHeroesTests */,
				0E722D86289CC4DB00C276C2 /* MyHeroesUITests */,
			);
		};
/* End PBXProject section */

/* Begin PBXResourcesBuildPhase section */
		0E722D65289CC4DA00C276C2 /* Resources */ = {
			isa = PBXResourcesBuildPhase;
			buildActionMask = 2147483647;
			files = (
				0E722D77289CC4DB00C276C2 /* LaunchScreen.storyboard in Resources */,
				0E722DA6289CCF8800C276C2 /* pokemon-aesthetic android-iphone-desktop-hd-backgrounds-wallpapers-1080p-4k-ajotb.jpeg in Resources */,
				0E722D9E289CCE1100C276C2 /* Image.png in Resources */,
				0E722DA9289CCFCD00C276C2 /* High_resolution_wallpaper_background_ID_77700155001.jpg in Resources */,
				0E722D74289CC4DB00C276C2 /* Assets.xcassets in Resources */,
				0E722D9B289CCCE300C276C2 /* Bug@3x.png in Resources */,
				0E722DA1289CCEAA00C276C2 /* Pokemon_UNITE___Team_Up._Take_Down.___Hero_Image___1080p.png in Resources */,
				0E722D72289CC4DA00C276C2 /* Main.storyboard in Resources */,
			);
			runOnlyForDeploymentPostprocessing = 0;
		};
		0E722D7B289CC4DB00C276C2 /* Resources */ = {
			isa = PBXResourcesBuildPhase;
			buildActionMask = 2147483647;
			files = (
			);
			runOnlyForDeploymentPostprocessing = 0;
		};
		0E722D85289CC4DB00C276C2 /* Resources */ = {
			isa = PBXResourcesBuildPhase;
			buildActionMask = 2147483647;
			files = (
				0E722D9C289CCCE300C276C2 /* Bug@3x.png in Resources */,
				0E722DA2289CCEAA00C276C2 /* Pokemon_UNITE___Team_Up._Take_Down.___Hero_Image___1080p.png in Resources */,
				0E722DAA289CCFCD00C276C2 /* High_resolution_wallpaper_background_ID_77700155001.jpg in Resources */,
				0E722DA7289CCF8800C276C2 /* pokemon-aesthetic android-iphone-desktop-hd-backgrounds-wallpapers-1080p-4k-ajotb.jpeg in Resources */,
				0E722D9F289CCE1100C276C2 /* Image.png in Resources */,
			);
			runOnlyForDeploymentPostprocessing = 0;
		};
/* End PBXResourcesBuildPhase section */

/* Begin PBXSourcesBuildPhase section */
		0E722D63289CC4DA00C276C2 /* Sources */ = {
			isa = PBXSourcesBuildPhase;
			buildActionMask = 2147483647;
			files = (
				0E722D6F289CC4DA00C276C2 /* ViewController.swift in Sources */,
				0E722D6B289CC4DA00C276C2 /* AppDelegate.swift in Sources */,
				0E722D6D289CC4DA00C276C2 /* SceneDelegate.swift in Sources */,
			);
			runOnlyForDeploymentPostprocessing = 0;
		};
		0E722D79289CC4DB00C276C2 /* Sources */ = {
			isa = PBXSourcesBuildPhase;
			buildActionMask = 2147483647;
			files = (
				0E722D82289CC4DB00C276C2 /* MyHeroesTests.swift in Sources */,
			);
			runOnlyForDeploymentPostprocessing = 0;
		};
		0E722D83289CC4DB00C276C2 /* Sources */ = {
			isa = PBXSourcesBuildPhase;
			buildActionMask = 2147483647;
			files = (
				0E722D8E289CC4DB00C276C2 /* MyHeroesUITestsLaunchTests.swift in Sources */,
				0E722D8C289CC4DB00C276C2 /* MyHeroesUITests.swift in Sources */,
			);
			runOnlyForDeploymentPostprocessing = 0;
		};
/* End PBXSourcesBuildPhase section */

/* Begin PBXTargetDependency section */
		0E722D7F289CC4DB00C276C2 /* PBXTargetDependency */ = {
			isa = PBXTargetDependency;
			target = 0E722D66289CC4DA00C276C2 /* MyHeroes */;
			targetProxy = 0E722D7E289CC4DB00C276C2 /* PBXContainerItemProxy */;
		};
		0E722D89289CC4DB00C276C2 /* PBXTargetDependency */ = {
			isa = PBXTargetDependency;
			target = 0E722D66289CC4DA00C276C2 /* MyHeroes */;
			targetProxy = 0E722D88289CC4DB00C276C2 /* PBXContainerItemProxy */;
		};
/* End PBXTargetDependency section */

/* Begin PBXVariantGroup section */
		0E722D70289CC4DA00C276C2 /* Main.storyboard */ = {
			isa = PBXVariantGroup;
			children = (
				0E722D71289CC4DA00C276C2 /* Base */,
			);
			name = Main.storyboard;
			sourceTree = "<group>";
		};
		0E722D75289CC4DB00C276C2 /* LaunchScreen.storyboard */ = {
			isa = PBXVariantGroup;
			children = (
				0E722D76289CC4DB00C276C2 /* Base */,
			);
			name = LaunchScreen.storyboard;
			sourceTree = "<group>";
		};
/* End PBXVariantGroup section */

/* Begin XCBuildConfiguration section */
		0E722D8F289CC4DB00C276C2 /* Debug */ = {
			isa = XCBuildConfiguration;
			buildSettings = {
				ALWAYS_SEARCH_USER_PATHS = NO;
				CLANG_ANALYZER_NONNULL = YES;
				CLANG_ANALYZER_NUMBER_OBJECT_CONVERSION = YES_AGGRESSIVE;
				CLANG_CXX_LANGUAGE_STANDARD = "gnu++17";
				CLANG_ENABLE_MODULES = YES;
				CLANG_ENABLE_OBJC_ARC = YES;
				CLANG_ENABLE_OBJC_WEAK = YES;
				CLANG_WARN_BLOCK_CAPTURE_AUTORELEASING = YES;
				CLANG_WARN_BOOL_CONVERSION = YES;
				CLANG_WARN_COMMA = YES;
				CLANG_WARN_CONSTANT_CONVERSION = YES;
				CLANG_WARN_DEPRECATED_OBJC_IMPLEMENTATIONS = YES;
				CLANG_WARN_DIRECT_OBJC_ISA_USAGE = YES_ERROR;
				CLANG_WARN_DOCUMENTATION_COMMENTS = YES;
				CLANG_WARN_EMPTY_BODY = YES;
				CLANG_WARN_ENUM_CONVERSION = YES;
				CLANG_WARN_INFINITE_RECURSION = YES;
				CLANG_WARN_INT_CONVERSION = YES;
				CLANG_WARN_NON_LITERAL_NULL_CONVERSION = YES;
				CLANG_WARN_OBJC_IMPLICIT_RETAIN_SELF = YES;
				CLANG_WARN_OBJC_LITERAL_CONVERSION = YES;
				CLANG_WARN_OBJC_ROOT_CLASS = YES_ERROR;
				CLANG_WARN_QUOTED_INCLUDE_IN_FRAMEWORK_HEADER = YES;
				CLANG_WARN_RANGE_LOOP_ANALYSIS = YES;
				CLANG_WARN_STRICT_PROTOTYPES = YES;
				CLANG_WARN_SUSPICIOUS_MOVE = YES;
				CLANG_WARN_UNGUARDED_AVAILABILITY = YES_AGGRESSIVE;
				CLANG_WARN_UNREACHABLE_CODE = YES;
				CLANG_WARN__DUPLICATE_METHOD_MATCH = YES;
				COPY_PHASE_STRIP = NO;
				DEBUG_INFORMATION_FORMAT = dwarf;
				ENABLE_STRICT_OBJC_MSGSEND = YES;
				ENABLE_TESTABILITY = YES;
				GCC_C_LANGUAGE_STANDARD = gnu11;
				GCC_DYNAMIC_NO_PIC = NO;
				GCC_NO_COMMON_BLOCKS = YES;
				GCC_OPTIMIZATION_LEVEL = 0;
				GCC_PREPROCESSOR_DEFINITIONS = (
					"DEBUG=1",
					"$(inherited)",
				);
				GCC_WARN_64_TO_32_BIT_CONVERSION = YES;
				GCC_WARN_ABOUT_RETURN_TYPE = YES_ERROR;
				GCC_WARN_UNDECLARED_SELECTOR = YES;
				GCC_WARN_UNINITIALIZED_AUTOS = YES_AGGRESSIVE;
				GCC_WARN_UNUSED_FUNCTION = YES;
				GCC_WARN_UNUSED_VARIABLE = YES;
				IPHONEOS_DEPLOYMENT_TARGET = 15.5;
				MTL_ENABLE_DEBUG_INFO = INCLUDE_SOURCE;
				MTL_FAST_MATH = YES;
				ONLY_ACTIVE_ARCH = YES;
				SDKROOT = iphoneos;
				SWIFT_ACTIVE_COMPILATION_CONDITIONS = DEBUG;
				SWIFT_OPTIMIZATION_LEVEL = "-Onone";
			};
			name = Debug;
		};
		0E722D90289CC4DB00C276C2 /* Release */ = {
			isa = XCBuildConfiguration;
			buildSettings = {
				ALWAYS_SEARCH_USER_PATHS = NO;
				CLANG_ANALYZER_NONNULL = YES;
				CLANG_ANALYZER_NUMBER_OBJECT_CONVERSION = YES_AGGRESSIVE;
				CLANG_CXX_LANGUAGE_STANDARD = "gnu++17";
				CLANG_ENABLE_MODULES = YES;
				CLANG_ENABLE_OBJC_ARC = YES;
				CLANG_ENABLE_OBJC_WEAK = YES;
				CLANG_WARN_BLOCK_CAPTURE_AUTORELEASING = YES;
				CLANG_WARN_BOOL_CONVERSION = YES;
				CLANG_WARN_COMMA = YES;
				CLANG_WARN_CONSTANT_CONVERSION = YES;
				CLANG_WARN_DEPRECATED_OBJC_IMPLEMENTATIONS = YES;
				CLANG_WARN_DIRECT_OBJC_ISA_USAGE = YES_ERROR;
				CLANG_WARN_DOCUMENTATION_COMMENTS = YES;
				CLANG_WARN_EMPTY_BODY = YES;
				CLANG_WARN_ENUM_CONVERSION = YES;
				CLANG_WARN_INFINITE_RECURSION = YES;
				CLANG_WARN_INT_CONVERSION = YES;
				CLANG_WARN_NON_LITERAL_NULL_CONVERSION = YES;
				CLANG_WARN_OBJC_IMPLICIT_RETAIN_SELF = YES;
				CLANG_WARN_OBJC_LITERAL_CONVERSION = YES;
				CLANG_WARN_OBJC_ROOT_CLASS = YES_ERROR;
				CLANG_WARN_QUOTED_INCLUDE_IN_FRAMEWORK_HEADER = YES;
				CLANG_WARN_RANGE_LOOP_ANALYSIS = YES;
				CLANG_WARN_STRICT_PROTOTYPES = YES;
				CLANG_WARN_SUSPICIOUS_MOVE = YES;
				CLANG_WARN_UNGUARDED_AVAILABILITY = YES_AGGRESSIVE;
				CLANG_WARN_UNREACHABLE_CODE = YES;
				CLANG_WARN__DUPLICATE_METHOD_MATCH = YES;
				COPY_PHASE_STRIP = NO;
				DEBUG_INFORMATION_FORMAT = "dwarf-with-dsym";
				ENABLE_NS_ASSERTIONS = NO;
				ENABLE_STRICT_OBJC_MSGSEND = YES;
				GCC_C_LANGUAGE_STANDARD = gnu11;
				GCC_NO_COMMON_BLOCKS = YES;
				GCC_WARN_64_TO_32_BIT_CONVERSION = YES;
				GCC_WARN_ABOUT_RETURN_TYPE = YES_ERROR;
				GCC_WARN_UNDECLARED_SELECTOR = YES;
				GCC_WARN_UNINITIALIZED_AUTOS = YES_AGGRESSIVE;
				GCC_WARN_UNUSED_FUNCTION = YES;
				GCC_WARN_UNUSED_VARIABLE = YES;
				IPHONEOS_DEPLOYMENT_TARGET = 15.5;
				MTL_ENABLE_DEBUG_INFO = NO;
				MTL_FAST_MATH = YES;
				SDKROOT = iphoneos;
				SWIFT_COMPILATION_MODE = wholemodule;
				SWIFT_OPTIMIZATION_LEVEL = "-O";
				VALIDATE_PRODUCT = YES;
			};
			name = Release;
		};
		0E722D92289CC4DB00C276C2 /* Debug */ = {
			isa = XCBuildConfiguration;
			buildSettings = {
				ASSETCATALOG_COMPILER_APPICON_NAME = AppIcon;
				ASSETCATALOG_COMPILER_GLOBAL_ACCENT_COLOR_NAME = AccentColor;
				CODE_SIGN_STYLE = Automatic;
				CURRENT_PROJECT_VERSION = 1;
				DEVELOPMENT_TEAM = SH7JJZG8WD;
				GENERATE_INFOPLIST_FILE = YES;
				INFOPLIST_FILE = MyHeroes/Info.plist;
				INFOPLIST_KEY_UIApplicationSupportsIndirectInputEvents = YES;
				INFOPLIST_KEY_UILaunchStoryboardName = LaunchScreen;
				INFOPLIST_KEY_UIMainStoryboardFile = Main;
				INFOPLIST_KEY_UISupportedInterfaceOrientations_iPad = "UIInterfaceOrientationPortrait UIInterfaceOrientationPortraitUpsideDown UIInterfaceOrientationLandscapeLeft UIInterfaceOrientationLandscapeRight";
				INFOPLIST_KEY_UISupportedInterfaceOrientations_iPhone = "UIInterfaceOrientationPortrait UIInterfaceOrientationLandscapeLeft UIInterfaceOrientationLandscapeRight";
				LD_RUNPATH_SEARCH_PATHS = (
					"$(inherited)",
					"@executable_path/Frameworks",
				);
				MARKETING_VERSION = 1.0;
				PRODUCT_BUNDLE_IDENTIFIER = Hours.MyHeroes;
				PRODUCT_NAME = "$(TARGET_NAME)";
				SWIFT_EMIT_LOC_STRINGS = YES;
				SWIFT_VERSION = 5.0;
				TARGETED_DEVICE_FAMILY = "1,2";
			};
			name = Debug;
		};
		0E722D93289CC4DB00C276C2 /* Release */ = {
			isa = XCBuildConfiguration;
			buildSettings = {
				ASSETCATALOG_COMPILER_APPICON_NAME = AppIcon;
				ASSETCATALOG_COMPILER_GLOBAL_ACCENT_COLOR_NAME = AccentColor;
				CODE_SIGN_STYLE = Automatic;
				CURRENT_PROJECT_VERSION = 1;
				DEVELOPMENT_TEAM = SH7JJZG8WD;
				GENERATE_INFOPLIST_FILE = YES;
				INFOPLIST_FILE = MyHeroes/Info.plist;
				INFOPLIST_KEY_UIApplicationSupportsIndirectInputEvents = YES;
				INFOPLIST_KEY_UILaunchStoryboardName = LaunchScreen;
				INFOPLIST_KEY_UIMainStoryboardFile = Main;
				INFOPLIST_KEY_UISupportedInterfaceOrientations_iPad = "UIInterfaceOrientationPortrait UIInterfaceOrientationPortraitUpsideDown UIInterfaceOrientationLandscapeLeft UIInterfaceOrientationLandscapeRight";
				INFOPLIST_KEY_UISupportedInterfaceOrientations_iPhone = "UIInterfaceOrientationPortrait UIInterfaceOrientationLandscapeLeft UIInterfaceOrientationLandscapeRight";
				LD_RUNPATH_SEARCH_PATHS = (
					"$(inherited)",
					"@executable_path/Frameworks",
				);
				MARKETING_VERSION = 1.0;
				PRODUCT_BUNDLE_IDENTIFIER = Hours.MyHeroes;
				PRODUCT_NAME = "$(TARGET_NAME)";
				SWIFT_EMIT_LOC_STRINGS = YES;
				SWIFT_VERSION = 5.0;
				TARGETED_DEVICE_FAMILY = "1,2";
			};
			name = Release;
		};
		0E722D95289CC4DB00C276C2 /* Debug */ = {
			isa = XCBuildConfiguration;
			buildSettings = {
				ALWAYS_EMBED_SWIFT_STANDARD_LIBRARIES = YES;
				BUNDLE_LOADER = "$(TEST_HOST)";
				CODE_SIGN_STYLE = Automatic;
				CURRENT_PROJECT_VERSION = 1;
				DEVELOPMENT_TEAM = SH7JJZG8WD;
				GENERATE_INFOPLIST_FILE = YES;
				IPHONEOS_DEPLOYMENT_TARGET = 15.5;
				MARKETING_VERSION = 1.0;
				PRODUCT_BUNDLE_IDENTIFIER = Hours.MyHeroesTests;
				PRODUCT_NAME = "$(TARGET_NAME)";
				SWIFT_EMIT_LOC_STRINGS = NO;
				SWIFT_VERSION = 5.0;
				TARGETED_DEVICE_FAMILY = "1,2";
				TEST_HOST = "$(BUILT_PRODUCTS_DIR)/MyHeroes.app/MyHeroes";
			};
			name = Debug;
		};
		0E722D96289CC4DB00C276C2 /* Release */ = {
			isa = XCBuildConfiguration;
			buildSettings = {
				ALWAYS_EMBED_SWIFT_STANDARD_LIBRARIES = YES;
				BUNDLE_LOADER = "$(TEST_HOST)";
				CODE_SIGN_STYLE = Automatic;
				CURRENT_PROJECT_VERSION = 1;
				DEVELOPMENT_TEAM = SH7JJZG8WD;
				GENERATE_INFOPLIST_FILE = YES;
				IPHONEOS_DEPLOYMENT_TARGET = 15.5;
				MARKETING_VERSION = 1.0;
				PRODUCT_BUNDLE_IDENTIFIER = Hours.MyHeroesTests;
				PRODUCT_NAME = "$(TARGET_NAME)";
				SWIFT_EMIT_LOC_STRINGS = NO;
				SWIFT_VERSION = 5.0;
				TARGETED_DEVICE_FAMILY = "1,2";
				TEST_HOST = "$(BUILT_PRODUCTS_DIR)/MyHeroes.app/MyHeroes";
			};
			name = Release;
		};
		0E722D98289CC4DB00C276C2 /* Debug */ = {
			isa = XCBuildConfiguration;
			buildSettings = {
				ALWAYS_EMBED_SWIFT_STANDARD_LIBRARIES = YES;
				CODE_SIGN_STYLE = Automatic;
				CURRENT_PROJECT_VERSION = 1;
				DEVELOPMENT_TEAM = SH7JJZG8WD;
				GENERATE_INFOPLIST_FILE = YES;
				MARKETING_VERSION = 1.0;
				PRODUCT_BUNDLE_IDENTIFIER = Hours.MyHeroesUITests;
				PRODUCT_NAME = "$(TARGET_NAME)";
				SWIFT_EMIT_LOC_STRINGS = NO;
				SWIFT_VERSION = 5.0;
				TARGETED_DEVICE_FAMILY = "1,2";
				TEST_TARGET_NAME = MyHeroes;
			};
			name = Debug;
		};
		0E722D99289CC4DB00C276C2 /* Release */ = {
			isa = XCBuildConfiguration;
			buildSettings = {
				ALWAYS_EMBED_SWIFT_STANDARD_LIBRARIES = YES;
				CODE_SIGN_STYLE = Automatic;
				CURRENT_PROJECT_VERSION = 1;
				DEVELOPMENT_TEAM = SH7JJZG8WD;
				GENERATE_INFOPLIST_FILE = YES;
				MARKETING_VERSION = 1.0;
				PRODUCT_BUNDLE_IDENTIFIER = Hours.MyHeroesUITests;
				PRODUCT_NAME = "$(TARGET_NAME)";
				SWIFT_EMIT_LOC_STRINGS = NO;
				SWIFT_VERSION = 5.0;
				TARGETED_DEVICE_FAMILY = "1,2";
				TEST_TARGET_NAME = MyHeroes;
			};
			name = Release;
		};
/* End XCBuildConfiguration section */

/* Begin XCConfigurationList section */
		0E722D62289CC4DA00C276C2 /* Build configuration list for PBXProject "MyHeroes" */ = {
			isa = XCConfigurationList;
			buildConfigurations = (
				0E722D8F289CC4DB00C276C2 /* Debug */,
				0E722D90289CC4DB00C276C2 /* Release */,
			);
			defaultConfigurationIsVisible = 0;
			defaultConfigurationName = Release;
		};
		0E722D91289CC4DB00C276C2 /* Build configuration list for PBXNativeTarget "MyHeroes" */ = {
			isa = XCConfigurationList;
			buildConfigurations = (
				0E722D92289CC4DB00C276C2 /* Debug */,
				0E722D93289CC4DB00C276C2 /* Release */,
			);
			defaultConfigurationIsVisible = 0;
			defaultConfigurationName = Release;
		};
		0E722D94289CC4DB00C276C2 /* Build configuration list for PBXNativeTarget "MyHeroesTests" */ = {
			isa = XCConfigurationList;
			buildConfigurations = (
				0E722D95289CC4DB00C276C2 /* Debug */,
				0E722D96289CC4DB00C276C2 /* Release */,
			);
			defaultConfigurationIsVisible = 0;
			defaultConfigurationName = Release;
		};
		0E722D97289CC4DB00C276C2 /* Build configuration list for PBXNativeTarget "MyHeroesUITests" */ = {
			isa = XCConfigurationList;
			buildConfigurations = (
				0E722D98289CC4DB00C276C2 /* Debug */,
				0E722D99289CC4DB00C276C2 /* Release */,
			);
			defaultConfigurationIsVisible = 0;
			defaultConfigurationName = Release;
		};
/* End XCConfigurationList section */
	};
	rootObject = 0E722D5F289CC4DA00C276C2 /* Project object */;
}
